{
  "name": "pi-dsh-pet",
  "version": "0.0.2",
  "lockfileVersion": 3,
  "requires": true,
  "packages": {
    "": {
      "name": "pi-dsh-pet",
      "version": "0.0.2",
      "license": "MIT",
      "bin": {
        "dsh-pet": "bin/pi-pet.cjs",
        "pi-pet": "bin/pi-pet.cjs"
      },
      "engines": {
        "node": ">=18"
      }
    }
  }
}
